{
    "name": "npm-know",
    "version": "1.0.0",
    "lockfileVersion": 2,
    "requires": true,
    "packages": {
        "": {
            "name": "npm-know",
            "version": "1.0.0",
            "license": "ISC",
            "workspaces": [
                "01"
            ],
            "dependencies": {
                "eazyutils": "^1.0.1",
                "ramda": "^0.27.1"
            },
            "bin": {
                "maic-app-cli": "cli.js"
            }
        },
        "01": {
            "version": "1.0.0",
            "license": "ISC"
        },
        "node_modules/01": {
            "resolved": "01",
            "link": true
        },
        "node_modules/eazyutils": {
            "version": "1.0.1",
            "resolved": "https://registry.npmjs.org/eazyutils/-/eazyutils-1.0.1.tgz",
            "integrity": "sha512-cSRvxDD0k3q2sjdsRGX3q+TVGo++Znz7eDqkOUtGdnxqMLhxinojrSz55wVfgFtjVuznvNpFyRARXRv2/827OQ=="
        },
        "node_modules/ramda": {
            "version": "0.27.1",
            "resolved": "https://registry.npmjs.org/ramda/-/ramda-0.27.1.tgz",
            "integrity": "sha512-PgIdVpn5y5Yns8vqb8FzBUEYn98V3xcPgawAkkgj0YJ0qDsnHCiNmZYfOGMgOvoB0eWFLpYbhxUR3mxfDIMvpw=="
        }
    },
    "dependencies": {
        "01": {
            "version": "file:01"
        },
        "eazyutils": {
            "version": "1.0.1",
            "resolved": "https://registry.npmjs.org/eazyutils/-/eazyutils-1.0.1.tgz",
            "integrity": "sha512-cSRvxDD0k3q2sjdsRGX3q+TVGo++Znz7eDqkOUtGdnxqMLhxinojrSz55wVfgFtjVuznvNpFyRARXRv2/827OQ=="
        },
        "ramda": {
            "version": "0.27.1",
            "resolved": "https://registry.npmjs.org/ramda/-/ramda-0.27.1.tgz",
            "integrity": "sha512-PgIdVpn5y5Yns8vqb8FzBUEYn98V3xcPgawAkkgj0YJ0qDsnHCiNmZYfOGMgOvoB0eWFLpYbhxUR3mxfDIMvpw=="
        }
    }
}
