{
    "name": "npm-know",
    "version": "1.0.0",
    "lockfileVersion": 2,
    "requires": true,
    "packages": {
        "": {
            "name": "npm-know",
            "version": "1.0.0",
            "license": "ISC",
            "workspaces": [
                "01"
            ],
            "dependencies": {
                "eazyutils": "^1.0.1",
                "ramda": "^0.27.1"
            },
            "bin": {
                "maic-app-cli": "cli.js"
            },
            "devDependencies": {
                "qs": "^6.10.3",
                "xss": "^1.0.10"
            }
        },
        "01": {
            "version": "1.0.0",
            "license": "ISC"
        },
        "node_modules/01": {
            "resolved": "01",
            "link": true
        },
        "node_modules/call-bind": {
            "version": "1.0.2",
            "resolved": "https://registry.npmjs.org/call-bind/-/call-bind-1.0.2.tgz",
            "integrity": "sha512-7O+FbCihrB5WGbFYesctwmTKae6rOiIzmz1icreWJ+0aA7LJfuqhEso2T9ncpcFtzMQtzXf2QGGueWJGTYsqrA==",
            "dev": true,
            "dependencies": {
                "function-bind": "^1.1.1",
                "get-intrinsic": "^1.0.2"
            },
            "funding": {
                "url": "https://github.com/sponsors/ljharb"
            }
        },
        "node_modules/commander": {
            "version": "2.20.3",
            "resolved": "https://registry.npmjs.org/commander/-/commander-2.20.3.tgz",
            "integrity": "sha512-GpVkmM8vF2vQUkj2LvZmD35JxeJOLCwJ9cUkugyk2nuhbv3+mJvpLYYt+0+USMxE+oj+ey/lJEnhZw75x/OMcQ==",
            "dev": true
        },
        "node_modules/cssfilter": {
            "version": "0.0.10",
            "resolved": "https://registry.npmjs.org/cssfilter/-/cssfilter-0.0.10.tgz",
            "integrity": "sha1-xtJnJjKi5cg+AT5oZKQs6N79IK4=",
            "dev": true
        },
        "node_modules/eazyutils": {
            "version": "1.0.1",
            "resolved": "https://registry.npmjs.org/eazyutils/-/eazyutils-1.0.1.tgz",
            "integrity": "sha512-cSRvxDD0k3q2sjdsRGX3q+TVGo++Znz7eDqkOUtGdnxqMLhxinojrSz55wVfgFtjVuznvNpFyRARXRv2/827OQ=="
        },
        "node_modules/function-bind": {
            "version": "1.1.1",
            "resolved": "https://registry.npmjs.org/function-bind/-/function-bind-1.1.1.tgz",
            "integrity": "sha512-yIovAzMX49sF8Yl58fSCWJ5svSLuaibPxXQJFLmBObTuCr0Mf1KiPopGM9NiFjiYBCbfaa2Fh6breQ6ANVTI0A==",
            "dev": true
        },
        "node_modules/get-intrinsic": {
            "version": "1.1.1",
            "resolved": "https://registry.npmjs.org/get-intrinsic/-/get-intrinsic-1.1.1.tgz",
            "integrity": "sha512-kWZrnVM42QCiEA2Ig1bG8zjoIMOgxWwYCEeNdwY6Tv/cOSeGpcoX4pXHfKUxNKVoArnrEr2e9srnAxxGIraS9Q==",
            "dev": true,
            "dependencies": {
                "function-bind": "^1.1.1",
                "has": "^1.0.3",
                "has-symbols": "^1.0.1"
            },
            "funding": {
                "url": "https://github.com/sponsors/ljharb"
            }
        },
        "node_modules/has": {
            "version": "1.0.3",
            "resolved": "https://registry.npmjs.org/has/-/has-1.0.3.tgz",
            "integrity": "sha512-f2dvO0VU6Oej7RkWJGrehjbzMAjFp5/VKPp5tTpWIV4JHHZK1/BxbFRtf/siA2SWTe09caDmVtYYzWEIbBS4zw==",
            "dev": true,
            "dependencies": {
                "function-bind": "^1.1.1"
            },
            "engines": {
                "node": ">= 0.4.0"
            }
        },
        "node_modules/has-symbols": {
            "version": "1.0.2",
            "resolved": "https://registry.npmjs.org/has-symbols/-/has-symbols-1.0.2.tgz",
            "integrity": "sha512-chXa79rL/UC2KlX17jo3vRGz0azaWEx5tGqZg5pO3NUyEJVB17dMruQlzCCOfUvElghKcm5194+BCRvi2Rv/Gw==",
            "dev": true,
            "engines": {
                "node": ">= 0.4"
            },
            "funding": {
                "url": "https://github.com/sponsors/ljharb"
            }
        },
        "node_modules/object-inspect": {
            "version": "1.12.0",
            "resolved": "https://registry.npmjs.org/object-inspect/-/object-inspect-1.12.0.tgz",
            "integrity": "sha512-Ho2z80bVIvJloH+YzRmpZVQe87+qASmBUKZDWgx9cu+KDrX2ZDH/3tMy+gXbZETVGs2M8YdxObOh7XAtim9Y0g==",
            "dev": true,
            "funding": {
                "url": "https://github.com/sponsors/ljharb"
            }
        },
        "node_modules/qs": {
            "version": "6.10.3",
            "resolved": "https://registry.npmjs.org/qs/-/qs-6.10.3.tgz",
            "integrity": "sha512-wr7M2E0OFRfIfJZjKGieI8lBKb7fRCH4Fv5KNPEs7gJ8jadvotdsS08PzOKR7opXhZ/Xkjtt3WF9g38drmyRqQ==",
            "dev": true,
            "dependencies": {
                "side-channel": "^1.0.4"
            },
            "engines": {
                "node": ">=0.6"
            },
            "funding": {
                "url": "https://github.com/sponsors/ljharb"
            }
        },
        "node_modules/ramda": {
            "version": "0.27.1",
            "resolved": "https://registry.npmjs.org/ramda/-/ramda-0.27.1.tgz",
            "integrity": "sha512-PgIdVpn5y5Yns8vqb8FzBUEYn98V3xcPgawAkkgj0YJ0qDsnHCiNmZYfOGMgOvoB0eWFLpYbhxUR3mxfDIMvpw=="
        },
        "node_modules/side-channel": {
            "version": "1.0.4",
            "resolved": "https://registry.npmjs.org/side-channel/-/side-channel-1.0.4.tgz",
            "integrity": "sha512-q5XPytqFEIKHkGdiMIrY10mvLRvnQh42/+GoBlFW3b2LXLE2xxJpZFdm94we0BaoV3RwJyGqg5wS7epxTv0Zvw==",
            "dev": true,
            "dependencies": {
                "call-bind": "^1.0.0",
                "get-intrinsic": "^1.0.2",
                "object-inspect": "^1.9.0"
            },
            "funding": {
                "url": "https://github.com/sponsors/ljharb"
            }
        },
        "node_modules/xss": {
            "version": "1.0.10",
            "resolved": "https://registry.npmjs.org/xss/-/xss-1.0.10.tgz",
            "integrity": "sha512-qmoqrRksmzqSKvgqzN0055UFWY7OKx1/9JWeRswwEVX9fCG5jcYRxa/A2DHcmZX6VJvjzHRQ2STeeVcQkrmLSw==",
            "dev": true,
            "dependencies": {
                "commander": "^2.20.3",
                "cssfilter": "0.0.10"
            },
            "bin": {
                "xss": "bin/xss"
            },
            "engines": {
                "node": ">= 0.10.0"
            }
        }
    },
    "dependencies": {
        "01": {
            "version": "file:01"
        },
        "call-bind": {
            "version": "1.0.2",
            "resolved": "https://registry.npmjs.org/call-bind/-/call-bind-1.0.2.tgz",
            "integrity": "sha512-7O+FbCihrB5WGbFYesctwmTKae6rOiIzmz1icreWJ+0aA7LJfuqhEso2T9ncpcFtzMQtzXf2QGGueWJGTYsqrA==",
            "dev": true,
            "requires": {
                "function-bind": "^1.1.1",
                "get-intrinsic": "^1.0.2"
            }
        },
        "commander": {
            "version": "2.20.3",
            "resolved": "https://registry.npmjs.org/commander/-/commander-2.20.3.tgz",
            "integrity": "sha512-GpVkmM8vF2vQUkj2LvZmD35JxeJOLCwJ9cUkugyk2nuhbv3+mJvpLYYt+0+USMxE+oj+ey/lJEnhZw75x/OMcQ==",
            "dev": true
        },
        "cssfilter": {
            "version": "0.0.10",
            "resolved": "https://registry.npmjs.org/cssfilter/-/cssfilter-0.0.10.tgz",
            "integrity": "sha1-xtJnJjKi5cg+AT5oZKQs6N79IK4=",
            "dev": true
        },
        "eazyutils": {
            "version": "1.0.1",
            "resolved": "https://registry.npmjs.org/eazyutils/-/eazyutils-1.0.1.tgz",
            "integrity": "sha512-cSRvxDD0k3q2sjdsRGX3q+TVGo++Znz7eDqkOUtGdnxqMLhxinojrSz55wVfgFtjVuznvNpFyRARXRv2/827OQ=="
        },
        "function-bind": {
            "version": "1.1.1",
            "resolved": "https://registry.npmjs.org/function-bind/-/function-bind-1.1.1.tgz",
            "integrity": "sha512-yIovAzMX49sF8Yl58fSCWJ5svSLuaibPxXQJFLmBObTuCr0Mf1KiPopGM9NiFjiYBCbfaa2Fh6breQ6ANVTI0A==",
            "dev": true
        },
        "get-intrinsic": {
            "version": "1.1.1",
            "resolved": "https://registry.npmjs.org/get-intrinsic/-/get-intrinsic-1.1.1.tgz",
            "integrity": "sha512-kWZrnVM42QCiEA2Ig1bG8zjoIMOgxWwYCEeNdwY6Tv/cOSeGpcoX4pXHfKUxNKVoArnrEr2e9srnAxxGIraS9Q==",
            "dev": true,
            "requires": {
                "function-bind": "^1.1.1",
                "has": "^1.0.3",
                "has-symbols": "^1.0.1"
            }
        },
        "has": {
            "version": "1.0.3",
            "resolved": "https://registry.npmjs.org/has/-/has-1.0.3.tgz",
            "integrity": "sha512-f2dvO0VU6Oej7RkWJGrehjbzMAjFp5/VKPp5tTpWIV4JHHZK1/BxbFRtf/siA2SWTe09caDmVtYYzWEIbBS4zw==",
            "dev": true,
            "requires": {
                "function-bind": "^1.1.1"
            }
        },
        "has-symbols": {
            "version": "1.0.2",
            "resolved": "https://registry.npmjs.org/has-symbols/-/has-symbols-1.0.2.tgz",
            "integrity": "sha512-chXa79rL/UC2KlX17jo3vRGz0azaWEx5tGqZg5pO3NUyEJVB17dMruQlzCCOfUvElghKcm5194+BCRvi2Rv/Gw==",
            "dev": true
        },
        "object-inspect": {
            "version": "1.12.0",
            "resolved": "https://registry.npmjs.org/object-inspect/-/object-inspect-1.12.0.tgz",
            "integrity": "sha512-Ho2z80bVIvJloH+YzRmpZVQe87+qASmBUKZDWgx9cu+KDrX2ZDH/3tMy+gXbZETVGs2M8YdxObOh7XAtim9Y0g==",
            "dev": true
        },
        "qs": {
            "version": "6.10.3",
            "resolved": "https://registry.npmjs.org/qs/-/qs-6.10.3.tgz",
            "integrity": "sha512-wr7M2E0OFRfIfJZjKGieI8lBKb7fRCH4Fv5KNPEs7gJ8jadvotdsS08PzOKR7opXhZ/Xkjtt3WF9g38drmyRqQ==",
            "dev": true,
            "requires": {
                "side-channel": "^1.0.4"
            }
        },
        "ramda": {
            "version": "0.27.1",
            "resolved": "https://registry.npmjs.org/ramda/-/ramda-0.27.1.tgz",
            "integrity": "sha512-PgIdVpn5y5Yns8vqb8FzBUEYn98V3xcPgawAkkgj0YJ0qDsnHCiNmZYfOGMgOvoB0eWFLpYbhxUR3mxfDIMvpw=="
        },
        "side-channel": {
            "version": "1.0.4",
            "resolved": "https://registry.npmjs.org/side-channel/-/side-channel-1.0.4.tgz",
            "integrity": "sha512-q5XPytqFEIKHkGdiMIrY10mvLRvnQh42/+GoBlFW3b2LXLE2xxJpZFdm94we0BaoV3RwJyGqg5wS7epxTv0Zvw==",
            "dev": true,
            "requires": {
                "call-bind": "^1.0.0",
                "get-intrinsic": "^1.0.2",
                "object-inspect": "^1.9.0"
            }
        },
        "xss": {
            "version": "1.0.10",
            "resolved": "https://registry.npmjs.org/xss/-/xss-1.0.10.tgz",
            "integrity": "sha512-qmoqrRksmzqSKvgqzN0055UFWY7OKx1/9JWeRswwEVX9fCG5jcYRxa/A2DHcmZX6VJvjzHRQ2STeeVcQkrmLSw==",
            "dev": true,
            "requires": {
                "commander": "^2.20.3",
                "cssfilter": "0.0.10"
            }
        }
    }
}
